// !$*UTF8*$!
{
	archiveVersion = 1;
	classes = {
	};
	objectVersion = 56;
	objects = {

/* Begin PBXBuildFile section */
		951F114229D6666600728722 /* DetailView.swift in Sources */ = {isa = PBXBuildFile; fileRef = 951F114129D6666600728722 /* DetailView.swift */; };
		951F114429D66C9A00728722 /* WebView.swift in Sources */ = {isa = PBXBuildFile; fileRef = 951F114329D66C9A00728722 /* WebView.swift */; };
		9544FC8929D5045A008EDAC6 /* Byte_NewsApp.swift in Sources */ = {isa = PBXBuildFile; fileRef = 9544FC8829D5045A008EDAC6 /* Byte_NewsApp.swift */; };
		9544FC8B29D5045A008EDAC6 /* ContentView.swift in Sources */ = {isa = PBXBuildFile; fileRef = 9544FC8A29D5045A008EDAC6 /* ContentView.swift */; };
		9544FC8D29D5045A008EDAC6 /* Assets.xcassets in Resources */ = {isa = PBXBuildFile; fileRef = 9544FC8C29D5045A008EDAC6 /* Assets.xcassets */; };
		9544FC9029D5045A008EDAC6 /* Preview Assets.xcassets in Resources */ = {isa = PBXBuildFile; fileRef = 9544FC8F29D5045A008EDAC6 /* Preview Assets.xcassets */; };
		9544FC9829D50B27008EDAC6 /* NetworkManager.swift in Sources */ = {isa = PBXBuildFile; fileRef = 9544FC9729D50B27008EDAC6 /* NetworkManager.swift */; };
		9544FC9A29D50EE4008EDAC6 /* PostData.swift in Sources */ = {isa = PBXBuildFile; fileRef = 9544FC9929D50EE4008EDAC6 /* PostData.swift */; };
/* End PBXBuildFile section */

/* Begin PBXFileReference section */
		951F114129D6666600728722 /* DetailView.swift */ = {isa = PBXFileReference; lastKnownFileType = sourcecode.swift; path = DetailView.swift; sourceTree = "<group>"; };
		951F114329D66C9A00728722 /* WebView.swift */ = {isa = PBXFileReference; lastKnownFileType = sourcecode.swift; path = WebView.swift; sourceTree = "<group>"; };
		9544FC8529D5045A008EDAC6 /* Byte News.app */ = {isa = PBXFileReference; explicitFileType = wrapper.application; includeInIndex = 0; path = "Byte News.app"; sourceTree = BUILT_PRODUCTS_DIR; };
		9544FC8829D5045A008EDAC6 /* Byte_NewsApp.swift */ = {isa = PBXFileReference; lastKnownFileType = sourcecode.swift; path = Byte_NewsApp.swift; sourceTree = "<group>"; };
		9544FC8A29D5045A008EDAC6 /* ContentView.swift */ = {isa = PBXFileReference; lastKnownFileType = sourcecode.swift; path = ContentView.swift; sourceTree = "<group>"; };
		9544FC8C29D5045A008EDAC6 /* Assets.xcassets */ = {isa = PBXFileReference; lastKnownFileType = folder.assetcatalog; path = Assets.xcassets; sourceTree = "<group>"; };
		9544FC8F29D5045A008EDAC6 /* Preview Assets.xcassets */ = {isa = PBXFileReference; lastKnownFileType = folder.assetcatalog; path = "Preview Assets.xcassets"; sourceTree = "<group>"; };
		9544FC9729D50B27008EDAC6 /* NetworkManager.swift */ = {isa = PBXFileReference; lastKnownFileType = sourcecode.swift; path = NetworkManager.swift; sourceTree = "<group>"; };
		9544FC9929D50EE4008EDAC6 /* PostData.swift */ = {isa = PBXFileReference; lastKnownFileType = sourcecode.swift; path = PostData.swift; sourceTree = "<group>"; };
/* End PBXFileReference section */

/* Begin PBXFrameworksBuildPhase section */
		9544FC8229D5045A008EDAC6 /* Frameworks */ = {
			isa = PBXFrameworksBuildPhase;
			buildActionMask = 2147483647;
			files = (
			);
			runOnlyForDeploymentPostprocessing = 0;
		};
/* End PBXFrameworksBuildPhase section */

/* Begin PBXGroup section */
		951F114029D6663500728722 /* Views */ = {
			isa = PBXGroup;
			children = (
				9544FC8A29D5045A008EDAC6 /* ContentView.swift */,
				951F114129D6666600728722 /* DetailView.swift */,
				951F114329D66C9A00728722 /* WebView.swift */,
			);
			path = Views;
			sourceTree = "<group>";
		};
		9544FC7C29D5045A008EDAC6 = {
			isa = PBXGroup;
			children = (
				9544FC8729D5045A008EDAC6 /* Byte News */,
				9544FC8629D5045A008EDAC6 /* Products */,
			);
			sourceTree = "<group>";
		};
		9544FC8629D5045A008EDAC6 /* Products */ = {
			isa = PBXGroup;
			children = (
				9544FC8529D5045A008EDAC6 /* Byte News.app */,
			);
			name = Products;
			sourceTree = "<group>";
		};
		9544FC8729D5045A008EDAC6 /* Byte News */ = {
			isa = PBXGroup;
			children = (
				9544FC9629D50B0F008EDAC6 /* Models */,
				9544FC8829D5045A008EDAC6 /* Byte_NewsApp.swift */,
				951F114029D6663500728722 /* Views */,
				9544FC8C29D5045A008EDAC6 /* Assets.xcassets */,
				9544FC8E29D5045A008EDAC6 /* Preview Content */,
			);
			path = "Byte News";
			sourceTree = "<group>";
		};
		9544FC8E29D5045A008EDAC6 /* Preview Content */ = {
			isa = PBXGroup;
			children = (
				9544FC8F29D5045A008EDAC6 /* Preview Assets.xcassets */,
			);
			path = "Preview Content";
			sourceTree = "<group>";
		};
		9544FC9629D50B0F008EDAC6 /* Models */ = {
			isa = PBXGroup;
			children = (
				9544FC9729D50B27008EDAC6 /* NetworkManager.swift */,
				9544FC9929D50EE4008EDAC6 /* PostData.swift */,
			);
			path = Models;
			sourceTree = "<group>";
		};
/* End PBXGroup section */

/* Begin PBXNativeTarget section */
		9544FC8429D5045A008EDAC6 /* Byte News */ = {
			isa = PBXNativeTarget;
			buildConfigurationList = 9544FC9329D5045A008EDAC6 /* Build configuration list for PBXNativeTarget "Byte News" */;
			buildPhases = (
				9544FC8129D5045A008EDAC6 /* Sources */,
				9544FC8229D5045A008EDAC6 /* Frameworks */,
				9544FC8329D5045A008EDAC6 /* Resources */,
			);
			buildRules = (
			);
			dependencies = (
			);
			name = "Byte News";
			productName = "Byte News";
			productReference = 9544FC8529D5045A008EDAC6 /* Byte News.app */;
			productType = "com.apple.product-type.application";
		};
/* End PBXNativeTarget section */

/* Begin PBXProject section */
		9544FC7D29D5045A008EDAC6 /* Project object */ = {
			isa = PBXProject;
			attributes = {
				BuildIndependentTargetsInParallel = 1;
				LastSwiftUpdateCheck = 1420;
				LastUpgradeCheck = 1420;
				TargetAttributes = {
					9544FC8429D5045A008EDAC6 = {
						CreatedOnToolsVersion = 14.2;
					};
				};
			};
			buildConfigurationList = 9544FC8029D5045A008EDAC6 /* Build configuration list for PBXProject "Byte News" */;
			compatibilityVersion = "Xcode 14.0";
			developmentRegion = en;
			hasScannedForEncodings = 0;
			knownRegions = (
				en,
				Base,
			);
			mainGroup = 9544FC7C29D5045A008EDAC6;
			productRefGroup = 9544FC8629D5045A008EDAC6 /* Products */;
			projectDirPath = "";
			projectRoot = "";
			targets = (
				9544FC8429D5045A008EDAC6 /* Byte News */,
			);
		};
/* End PBXProject section */

/* Begin PBXResourcesBuildPhase section */
		9544FC8329D5045A008EDAC6 /* Resources */ = {
			isa = PBXResourcesBuildPhase;
			buildActionMask = 2147483647;
			files = (
				9544FC9029D5045A008EDAC6 /* Preview Assets.xcassets in Resources */,
				9544FC8D29D5045A008EDAC6 /* Assets.xcassets in Resources */,
			);
			runOnlyForDeploymentPostprocessing = 0;
		};
/* End PBXResourcesBuildPhase section */

/* Begin PBXSourcesBuildPhase section */
		9544FC8129D5045A008EDAC6 /* Sources */ = {
			isa = PBXSourcesBuildPhase;
			buildActionMask = 2147483647;
			files = (
				9544FC9829D50B27008EDAC6 /* NetworkManager.swift in Sources */,
				9544FC9A29D50EE4008EDAC6 /* PostData.swift in Sources */,
				9544FC8B29D5045A008EDAC6 /* ContentView.swift in Sources */,
				951F114429D66C9A00728722 /* WebView.swift in Sources */,
				951F114229D6666600728722 /* DetailView.swift in Sources */,
				9544FC8929D5045A008EDAC6 /* Byte_NewsApp.swift in Sources */,
			);
			runOnlyForDeploymentPostprocessing = 0;
		};
/* End PBXSourcesBuildPhase section */

/* Begin XCBuildConfiguration section */
		9544FC9129D5045A008EDAC6 /* Debug */ = {
			isa = XCBuildConfiguration;
			buildSettings = {
				ALWAYS_SEARCH_USER_PATHS = NO;
				CLANG_ANALYZER_NONNULL = YES;
				CLANG_ANALYZER_NUMBER_OBJECT_CONVERSION = YES_AGGRESSIVE;
				CLANG_CXX_LANGUAGE_STANDARD = "gnu++20";
				CLANG_ENABLE_MODULES = YES;
				CLANG_ENABLE_OBJC_ARC = YES;
				CLANG_ENABLE_OBJC_WEAK = YES;
				CLANG_WARN_BLOCK_CAPTURE_AUTORELEASING = YES;
				CLANG_WARN_BOOL_CONVERSION = YES;
				CLANG_WARN_COMMA = YES;
				CLANG_WARN_CONSTANT_CONVERSION = YES;
				CLANG_WARN_DEPRECATED_OBJC_IMPLEMENTATIONS = YES;
				CLANG_WARN_DIRECT_OBJC_ISA_USAGE = YES_ERROR;
				CLANG_WARN_DOCUMENTATION_COMMENTS = YES;
				CLANG_WARN_EMPTY_BODY = YES;
				CLANG_WARN_ENUM_CONVERSION = YES;
				CLANG_WARN_INFINITE_RECURSION = YES;
				CLANG_WARN_INT_CONVERSION = YES;
				CLANG_WARN_NON_LITERAL_NULL_CONVERSION = YES;
				CLANG_WARN_OBJC_IMPLICIT_RETAIN_SELF = YES;
				CLANG_WARN_OBJC_LITERAL_CONVERSION = YES;
				CLANG_WARN_OBJC_ROOT_CLASS = YES_ERROR;
				CLANG_WARN_QUOTED_INCLUDE_IN_FRAMEWORK_HEADER = YES;
				CLANG_WARN_RANGE_LOOP_ANALYSIS = YES;
				CLANG_WARN_STRICT_PROTOTYPES = YES;
				CLANG_WARN_SUSPICIOUS_MOVE = YES;
				CLANG_WARN_UNGUARDED_AVAILABILITY = YES_AGGRESSIVE;
				CLANG_WARN_UNREACHABLE_CODE = YES;
				CLANG_WARN__DUPLICATE_METHOD_MATCH = YES;
				COPY_PHASE_STRIP = NO;
				DEBUG_INFORMATION_FORMAT = dwarf;
				ENABLE_STRICT_OBJC_MSGSEND = YES;
				ENABLE_TESTABILITY = YES;
				GCC_C_LANGUAGE_STANDARD = gnu11;
				GCC_DYNAMIC_NO_PIC = NO;
				GCC_NO_COMMON_BLOCKS = YES;
				GCC_OPTIMIZATION_LEVEL = 0;
				GCC_PREPROCESSOR_DEFINITIONS = (
					"DEBUG=1",
					"$(inherited)",
				);
				GCC_WARN_64_TO_32_BIT_CONVERSION = YES;
				GCC_WARN_ABOUT_RETURN_TYPE = YES_ERROR;
				GCC_WARN_UNDECLARED_SELECTOR = YES;
				GCC_WARN_UNINITIALIZED_AUTOS = YES_AGGRESSIVE;
				GCC_WARN_UNUSED_FUNCTION = YES;
				GCC_WARN_UNUSED_VARIABLE = YES;
				IPHONEOS_DEPLOYMENT_TARGET = 16.2;
				MTL_ENABLE_DEBUG_INFO = INCLUDE_SOURCE;
				MTL_FAST_MATH = YES;
				ONLY_ACTIVE_ARCH = YES;
				SDKROOT = iphoneos;
				SWIFT_ACTIVE_COMPILATION_CONDITIONS = DEBUG;
				SWIFT_OPTIMIZATION_LEVEL = "-Onone";
			};
			name = Debug;
		};
		9544FC9229D5045A008EDAC6 /* Release */ = {
			isa = XCBuildConfiguration;
			buildSettings = {
				ALWAYS_SEARCH_USER_PATHS = NO;
				CLANG_ANALYZER_NONNULL = YES;
				CLANG_ANALYZER_NUMBER_OBJECT_CONVERSION = YES_AGGRESSIVE;
				CLANG_CXX_LANGUAGE_STANDARD = "gnu++20";
				CLANG_ENABLE_MODULES = YES;
				CLANG_ENABLE_OBJC_ARC = YES;
				CLANG_ENABLE_OBJC_WEAK = YES;
				CLANG_WARN_BLOCK_CAPTURE_AUTORELEASING = YES;
				CLANG_WARN_BOOL_CONVERSION = YES;
				CLANG_WARN_COMMA = YES;
				CLANG_WARN_CONSTANT_CONVERSION = YES;
				CLANG_WARN_DEPRECATED_OBJC_IMPLEMENTATIONS = YES;
				CLANG_WARN_DIRECT_OBJC_ISA_USAGE = YES_ERROR;
				CLANG_WARN_DOCUMENTATION_COMMENTS = YES;
				CLANG_WARN_EMPTY_BODY = YES;
				CLANG_WARN_ENUM_CONVERSION = YES;
				CLANG_WARN_INFINITE_RECURSION = YES;
				CLANG_WARN_INT_CONVERSION = YES;
				CLANG_WARN_NON_LITERAL_NULL_CONVERSION = YES;
				CLANG_WARN_OBJC_IMPLICIT_RETAIN_SELF = YES;
				CLANG_WARN_OBJC_LITERAL_CONVERSION = YES;
				CLANG_WARN_OBJC_ROOT_CLASS = YES_ERROR;
				CLANG_WARN_QUOTED_INCLUDE_IN_FRAMEWORK_HEADER = YES;
				CLANG_WARN_RANGE_LOOP_ANALYSIS = YES;
				CLANG_WARN_STRICT_PROTOTYPES = YES;
				CLANG_WARN_SUSPICIOUS_MOVE = YES;
				CLANG_WARN_UNGUARDED_AVAILABILITY = YES_AGGRESSIVE;
				CLANG_WARN_UNREACHABLE_CODE = YES;
				CLANG_WARN__DUPLICATE_METHOD_MATCH = YES;
				COPY_PHASE_STRIP = NO;
				DEBUG_INFORMATION_FORMAT = "dwarf-with-dsym";
				ENABLE_NS_ASSERTIONS = NO;
				ENABLE_STRICT_OBJC_MSGSEND = YES;
				GCC_C_LANGUAGE_STANDARD = gnu11;
				GCC_NO_COMMON_BLOCKS = YES;
				GCC_WARN_64_TO_32_BIT_CONVERSION = YES;
				GCC_WARN_ABOUT_RETURN_TYPE = YES_ERROR;
				GCC_WARN_UNDECLARED_SELECTOR = YES;
				GCC_WARN_UNINITIALIZED_AUTOS = YES_AGGRESSIVE;
				GCC_WARN_UNUSED_FUNCTION = YES;
				GCC_WARN_UNUSED_VARIABLE = YES;
				IPHONEOS_DEPLOYMENT_TARGET = 16.2;
				MTL_ENABLE_DEBUG_INFO = NO;
				MTL_FAST_MATH = YES;
				SDKROOT = iphoneos;
				SWIFT_COMPILATION_MODE = wholemodule;
				SWIFT_OPTIMIZATION_LEVEL = "-O";
				VALIDATE_PRODUCT = YES;
			};
			name = Release;
		};
		9544FC9429D5045A008EDAC6 /* Debug */ = {
			isa = XCBuildConfiguration;
			buildSettings = {
				ASSETCATALOG_COMPILER_APPICON_NAME = AppIcon;
				ASSETCATALOG_COMPILER_GLOBAL_ACCENT_COLOR_NAME = AccentColor;
				CODE_SIGN_STYLE = Automatic;
				CURRENT_PROJECT_VERSION = 1;
				DEVELOPMENT_ASSET_PATHS = "\"Byte News/Preview Content\"";
				DEVELOPMENT_TEAM = 6N97WYA79M;
				ENABLE_PREVIEWS = YES;
				GENERATE_INFOPLIST_FILE = YES;
				INFOPLIST_KEY_UIApplicationSceneManifest_Generation = YES;
				INFOPLIST_KEY_UIApplicationSupportsIndirectInputEvents = YES;
				INFOPLIST_KEY_UILaunchScreen_Generation = YES;
				INFOPLIST_KEY_UISupportedInterfaceOrientations_iPad = "UIInterfaceOrientationPortrait UIInterfaceOrientationPortraitUpsideDown UIInterfaceOrientationLandscapeLeft UIInterfaceOrientationLandscapeRight";
				INFOPLIST_KEY_UISupportedInterfaceOrientations_iPhone = "UIInterfaceOrientationPortrait UIInterfaceOrientationLandscapeLeft UIInterfaceOrientationLandscapeRight";
				LD_RUNPATH_SEARCH_PATHS = (
					"$(inherited)",
					"@executable_path/Frameworks",
				);
				MARKETING_VERSION = 1.0;
				PRODUCT_BUNDLE_IDENTIFIER = "com.mubutech.Byte-News";
				PRODUCT_NAME = "$(TARGET_NAME)";
				SWIFT_EMIT_LOC_STRINGS = YES;
				SWIFT_VERSION = 5.0;
				TARGETED_DEVICE_FAMILY = "1,2";
			};
			name = Debug;
		};
		9544FC9529D5045A008EDAC6 /* Release */ = {
			isa = XCBuildConfiguration;
			buildSettings = {
				ASSETCATALOG_COMPILER_APPICON_NAME = AppIcon;
				ASSETCATALOG_COMPILER_GLOBAL_ACCENT_COLOR_NAME = AccentColor;
				CODE_SIGN_STYLE = Automatic;
				CURRENT_PROJECT_VERSION = 1;
				DEVELOPMENT_ASSET_PATHS = "\"Byte News/Preview Content\"";
				DEVELOPMENT_TEAM = 6N97WYA79M;
				ENABLE_PREVIEWS = YES;
				GENERATE_INFOPLIST_FILE = YES;
				INFOPLIST_KEY_UIApplicationSceneManifest_Generation = YES;
				INFOPLIST_KEY_UIApplicationSupportsIndirectInputEvents = YES;
				INFOPLIST_KEY_UILaunchScreen_Generation = YES;
				INFOPLIST_KEY_UISupportedInterfaceOrientations_iPad = "UIInterfaceOrientationPortrait UIInterfaceOrientationPortraitUpsideDown UIInterfaceOrientationLandscapeLeft UIInterfaceOrientationLandscapeRight";
				INFOPLIST_KEY_UISupportedInterfaceOrientations_iPhone = "UIInterfaceOrientationPortrait UIInterfaceOrientationLandscapeLeft UIInterfaceOrientationLandscapeRight";
				LD_RUNPATH_SEARCH_PATHS = (
					"$(inherited)",
					"@executable_path/Frameworks",
				);
				MARKETING_VERSION = 1.0;
				PRODUCT_BUNDLE_IDENTIFIER = "com.mubutech.Byte-News";
				PRODUCT_NAME = "$(TARGET_NAME)";
				SWIFT_EMIT_LOC_STRINGS = YES;
				SWIFT_VERSION = 5.0;
				TARGETED_DEVICE_FAMILY = "1,2";
			};
			name = Release;
		};
/* End XCBuildConfiguration section */

/* Begin XCConfigurationList section */
		9544FC8029D5045A008EDAC6 /* Build configuration list for PBXProject "Byte News" */ = {
			isa = XCConfigurationList;
			buildConfigurations = (
				9544FC9129D5045A008EDAC6 /* Debug */,
				9544FC9229D5045A008EDAC6 /* Release */,
			);
			defaultConfigurationIsVisible = 0;
			defaultConfigurationName = Release;
		};
		9544FC9329D5045A008EDAC6 /* Build configuration list for PBXNativeTarget "Byte News" */ = {
			isa = XCConfigurationList;
			buildConfigurations = (
				9544FC9429D5045A008EDAC6 /* Debug */,
				9544FC9529D5045A008EDAC6 /* Release */,
			);
			defaultConfigurationIsVisible = 0;
			defaultConfigurationName = Release;
		};
/* End XCConfigurationList section */
	};
	rootObject = 9544FC7D29D5045A008EDAC6 /* Project object */;
}
